
Microsoft Visual Studio Solution File, Format Version 12.00
# Visual Studio Version 16
VisualStudioVersion = 16.0.30804.86
MinimumVisualStudioVersion = 10.0.40219.1
Project("{8BC9CEB8-8B4A-11D0-8D11-00A0C91BC942}") = "航空客运订票系统", "航空客运订票系统.vcxproj", "{FC5E3056-27F0-4A8E-A505-F2B2C0E11B0E}"
EndProject
Global
	GlobalSection(SolutionConfigurationPlatforms) = preSolution
		Debug|x64 = Debug|x64
		Debug|x86 = Debug|x86
		Release|x64 = Release|x64
		Release|x86 = Release|x86
	EndGlobalSection
	GlobalSection(ProjectConfigurationPlatforms) = postSolution
		{FC5E3056-27F0-4A8E-A505-F2B2C0E11B0E}.Debug|x64.ActiveCfg = Debug|x64
		{FC5E3056-27F0-4A8E-A505-F2B2C0E11B0E}.Debug|x64.Build.0 = Debug|x64
		{FC5E3056-27F0-4A8E-A505-F2B2C0E11B0E}.Debug|x86.ActiveCfg = Debug|Win32
		{FC5E3056-27F0-4A8E-A505-F2B2C0E11B0E}.Debug|x86.Build.0 = Debug|Win32
		{FC5E3056-27F0-4A8E-A505-F2B2C0E11B0E}.Release|x64.ActiveCfg = Release|x64
		{FC5E3056-27F0-4A8E-A505-F2B2C0E11B0E}.Release|x64.Build.0 = Release|x64
		{FC5E3056-27F0-4A8E-A505-F2B2C0E11B0E}.Release|x86.ActiveCfg = Release|Win32
		{FC5E3056-27F0-4A8E-A505-F2B2C0E11B0E}.Release|x86.Build.0 = Release|Win32
	EndGlobalSection
	GlobalSection(SolutionProperties) = preSolution
		HideSolutionNode = FALSE
	EndGlobalSection
	GlobalSection(ExtensibilityGlobals) = postSolution
		SolutionGuid = {0F122A37-8FE9-4F85-AB85-CCE59628A534}
	EndGlobalSection
EndGlobal
